
Microsoft Visual Studio Solution File, Format Version 12.00
# Visual Studio Version 17
VisualStudioVersion = 17.6.33815.320
MinimumVisualStudioVersion = 10.0.40219.1
Project("{FAE04EC0-301F-11D3-BF4B-00C04F79EFBC}") = "Geniy_Idiot_WinForms_App", "Geniy_Idiot_WinForms_App\Geniy_Idiot_WinForms_App.csproj", "{6BBF23EF-B3AB-4D3F-A01D-101C3D2BEC0D}"
EndProject
Project("{FAE04EC0-301F-11D3-BF4B-00C04F79EFBC}") = "ClassLibrary", "ClassLibrary\ClassLibrary.csproj", "{60D5DDB5-7F7A-4D59-8EBB-558BD76456D9}"
EndProject
Global
	GlobalSection(SolutionConfigurationPlatforms) = preSolution
		Debug|Any CPU = Debug|Any CPU
		Release|Any CPU = Release|Any CPU
	EndGlobalSection
	GlobalSection(ProjectConfigurationPlatforms) = postSolution
		{6BBF23EF-B3AB-4D3F-A01D-101C3D2BEC0D}.Debug|Any CPU.ActiveCfg = Debug|Any CPU
		{6BBF23EF-B3AB-4D3F-A01D-101C3D2BEC0D}.Debug|Any CPU.Build.0 = Debug|Any CPU
		{6BBF23EF-B3AB-4D3F-A01D-101C3D2BEC0D}.Release|Any CPU.ActiveCfg = Release|Any CPU
		{6BBF23EF-B3AB-4D3F-A01D-101C3D2BEC0D}.Release|Any CPU.Build.0 = Release|Any CPU
		{60D5DDB5-7F7A-4D59-8EBB-558BD76456D9}.Debug|Any CPU.ActiveCfg = Debug|Any CPU
		{60D5DDB5-7F7A-4D59-8EBB-558BD76456D9}.Debug|Any CPU.Build.0 = Debug|Any CPU
		{60D5DDB5-7F7A-4D59-8EBB-558BD76456D9}.Release|Any CPU.ActiveCfg = Release|Any CPU
		{60D5DDB5-7F7A-4D59-8EBB-558BD76456D9}.Release|Any CPU.Build.0 = Release|Any CPU
	EndGlobalSection
	GlobalSection(SolutionProperties) = preSolution
		HideSolutionNode = FALSE
	EndGlobalSection
	GlobalSection(ExtensibilityGlobals) = postSolution
		SolutionGuid = {DE8382FB-09B8-47E5-9F56-39F3AD39BF16}
	EndGlobalSection
EndGlobal
